{
  "name": "fuelaustria",
  "version": "0.0.1",
  "dependencies": {
    "cheerio": {
      "version": "0.10.5",
      "from": "cheerio@>=0.10.5",
      "dependencies": {
        "cheerio-select": {
          "version": "0.0.3",
          "from": "cheerio-select@*",
          "dependencies": {
            "CSSselect": {
              "version": "0.3.0",
              "from": "CSSselect@0.x",
              "dependencies": {
                "CSSwhat": {
                  "version": "0.1.1",
                  "from": "CSSwhat@>= 0.1"
                }
              }
            }
          }
        },
        "htmlparser2": {
          "version": "2.5.1",
          "from": "htmlparser2@2.x",
          "dependencies": {
            "domhandler": {
              "version": "2.0.1",
              "from": "domhandler@2.0"
            },
            "domutils": {
              "version": "1.0.1",
              "from": "domutils@1.0"
            },
            "domelementtype": {
              "version": "1.1.0",
              "from": "domelementtype@1"
            }
          }
        },
        "underscore": {
          "version": "1.4.3",
          "from": "underscore@~1.4"
        },
        "entities": {
          "version": "0.1.1",
          "from": "entities@0.x"
        }
      }
    },
    "geode": {
      "version": "0.0.2",
      "from": "geode@",
      "resolved": "https://registry.npmjs.org/geode/-/geode-0.0.2.tgz",
      "dependencies": {
        "request": {
          "version": "2.12.0",
          "from": "request@latest",
          "dependencies": {
            "form-data": {
              "version": "0.0.3",
              "from": "form-data",
              "dependencies": {
                "combined-stream": {
                  "version": "0.0.3",
                  "from": "combined-stream@0.0.3",
                  "dependencies": {
                    "delayed-stream": {
                      "version": "0.0.5",
                      "from": "delayed-stream@0.0.5"
                    }
                  }
                },
                "async": {
                  "version": "0.1.9",
                  "from": "async@0.1.9"
                }
              }
            },
            "mime": {
              "version": "1.2.7",
              "from": "mime"
            }
          }
        }
      }
    }
  }
}
